
Microsoft Visual Studio Solution File, Format Version 12.00
# Visual Studio Version 16
VisualStudioVersion = 16.0.30711.63
MinimumVisualStudioVersion = 10.0.40219.1
Project("{8BC9CEB8-8B4A-11D0-8D11-00A0C91BC942}") = "Lab_8.1", "Lab_8.1\Lab_8.1.vcxproj", "{7449AFC1-EC93-49CF-95A6-503DBB231D3C}"
EndProject
Project("{8BC9CEB8-8B4A-11D0-8D11-00A0C91BC942}") = "UnitTest8.1.1", "UnitTest8.1.1\UnitTest8.1.1.vcxproj", "{848ACF04-0500-4113-851A-2EE7D7ADD687}"
EndProject
Global
	GlobalSection(SolutionConfigurationPlatforms) = preSolution
		Debug|x64 = Debug|x64
		Debug|x86 = Debug|x86
		Release|x64 = Release|x64
		Release|x86 = Release|x86
	EndGlobalSection
	GlobalSection(ProjectConfigurationPlatforms) = postSolution
		{7449AFC1-EC93-49CF-95A6-503DBB231D3C}.Debug|x64.ActiveCfg = Debug|x64
		{7449AFC1-EC93-49CF-95A6-503DBB231D3C}.Debug|x64.Build.0 = Debug|x64
		{7449AFC1-EC93-49CF-95A6-503DBB231D3C}.Debug|x86.ActiveCfg = Debug|Win32
		{7449AFC1-EC93-49CF-95A6-503DBB231D3C}.Debug|x86.Build.0 = Debug|Win32
		{7449AFC1-EC93-49CF-95A6-503DBB231D3C}.Release|x64.ActiveCfg = Release|x64
		{7449AFC1-EC93-49CF-95A6-503DBB231D3C}.Release|x64.Build.0 = Release|x64
		{7449AFC1-EC93-49CF-95A6-503DBB231D3C}.Release|x86.ActiveCfg = Release|Win32
		{7449AFC1-EC93-49CF-95A6-503DBB231D3C}.Release|x86.Build.0 = Release|Win32
		{848ACF04-0500-4113-851A-2EE7D7ADD687}.Debug|x64.ActiveCfg = Debug|x64
		{848ACF04-0500-4113-851A-2EE7D7ADD687}.Debug|x64.Build.0 = Debug|x64
		{848ACF04-0500-4113-851A-2EE7D7ADD687}.Debug|x86.ActiveCfg = Debug|Win32
		{848ACF04-0500-4113-851A-2EE7D7ADD687}.Debug|x86.Build.0 = Debug|Win32
		{848ACF04-0500-4113-851A-2EE7D7ADD687}.Release|x64.ActiveCfg = Release|x64
		{848ACF04-0500-4113-851A-2EE7D7ADD687}.Release|x64.Build.0 = Release|x64
		{848ACF04-0500-4113-851A-2EE7D7ADD687}.Release|x86.ActiveCfg = Release|Win32
		{848ACF04-0500-4113-851A-2EE7D7ADD687}.Release|x86.Build.0 = Release|Win32
	EndGlobalSection
	GlobalSection(SolutionProperties) = preSolution
		HideSolutionNode = FALSE
	EndGlobalSection
	GlobalSection(ExtensibilityGlobals) = postSolution
		SolutionGuid = {73FC5F62-7654-4C4A-AE25-0076A76B3676}
	EndGlobalSection
EndGlobal
